
Microsoft Visual Studio Solution File, Format Version 12.00
# Visual Studio Version 17
VisualStudioVersion = 17.4.33122.133
MinimumVisualStudioVersion = 10.0.40219.1
Project("{FAE04EC0-301F-11D3-BF4B-00C04F79EFBC}") = "test_task_BAD", "test_task_BAD\test_task_BAD.csproj", "{D9E95A65-8149-4030-BBD2-BD2876E45C69}"
EndProject
Global
	GlobalSection(SolutionConfigurationPlatforms) = preSolution
		Debug|Any CPU = Debug|Any CPU
		Release|Any CPU = Release|Any CPU
	EndGlobalSection
	GlobalSection(ProjectConfigurationPlatforms) = postSolution
		{D9E95A65-8149-4030-BBD2-BD2876E45C69}.Debug|Any CPU.ActiveCfg = Debug|Any CPU
		{D9E95A65-8149-4030-BBD2-BD2876E45C69}.Debug|Any CPU.Build.0 = Debug|Any CPU
		{D9E95A65-8149-4030-BBD2-BD2876E45C69}.Release|Any CPU.ActiveCfg = Release|Any CPU
		{D9E95A65-8149-4030-BBD2-BD2876E45C69}.Release|Any CPU.Build.0 = Release|Any CPU
	EndGlobalSection
	GlobalSection(SolutionProperties) = preSolution
		HideSolutionNode = FALSE
	EndGlobalSection
	GlobalSection(ExtensibilityGlobals) = postSolution
		SolutionGuid = {165E6C46-E046-43CD-B9FC-92ED8360AC2E}
	EndGlobalSection
EndGlobal
